// !$*UTF8*$!
{
	archiveVersion = 1;
	classes = {
	};
	objectVersion = 46;
	objects = {

/* Begin PBXBuildFile section */
		18CBDFC21BCF44840063B0DA /* MainTableViewController.m in Sources */ = {isa = PBXBuildFile; fileRef = 18CBDFC11BCF44840063B0DA /* MainTableViewController.m */; settings = {ASSET_TAGS = (); }; };
		18CBDFC61BCF460C0063B0DA /* GlobalResource.m in Sources */ = {isa = PBXBuildFile; fileRef = 18CBDFC51BCF460C0063B0DA /* GlobalResource.m */; settings = {ASSET_TAGS = (); }; };
		18D0BFAF1BCDF9FF00D6BE36 /* main.m in Sources */ = {isa = PBXBuildFile; fileRef = 18D0BFAE1BCDF9FF00D6BE36 /* main.m */; };
		18D0BFB21BCDF9FF00D6BE36 /* AppDelegate.m in Sources */ = {isa = PBXBuildFile; fileRef = 18D0BFB11BCDF9FF00D6BE36 /* AppDelegate.m */; };
		18D0BFB81BCDF9FF00D6BE36 /* Main.storyboard in Resources */ = {isa = PBXBuildFile; fileRef = 18D0BFB61BCDF9FF00D6BE36 /* Main.storyboard */; };
		18D0BFBA1BCDF9FF00D6BE36 /* Assets.xcassets in Resources */ = {isa = PBXBuildFile; fileRef = 18D0BFB91BCDF9FF00D6BE36 /* Assets.xcassets */; };
		18D0BFBD1BCDF9FF00D6BE36 /* LaunchScreen.storyboard in Resources */ = {isa = PBXBuildFile; fileRef = 18D0BFBB1BCDF9FF00D6BE36 /* LaunchScreen.storyboard */; };
		B862137E5A938A5D1112C6A2 /* libPods.a in Frameworks */ = {isa = PBXBuildFile; fileRef = 8D0D669FD0B2518AA303CE3A /* libPods.a */; };
/* End PBXBuildFile section */

/* Begin PBXFileReference section */
		1850CA6CC3D7B54B8E48DEEE /* Pods.debug.xcconfig */ = {isa = PBXFileReference; includeInIndex = 1; lastKnownFileType = text.xcconfig; name = Pods.debug.xcconfig; path = "Pods/Target Support Files/Pods/Pods.debug.xcconfig"; sourceTree = "<group>"; };
		18CBDFC01BCF44840063B0DA /* MainTableViewController.h */ = {isa = PBXFileReference; fileEncoding = 4; lastKnownFileType = sourcecode.c.h; name = MainTableViewController.h; path = Model/MainTableViewController.h; sourceTree = "<group>"; };
		18CBDFC11BCF44840063B0DA /* MainTableViewController.m */ = {isa = PBXFileReference; fileEncoding = 4; lastKnownFileType = sourcecode.c.objc; name = MainTableViewController.m; path = Model/MainTableViewController.m; sourceTree = "<group>"; };
		18CBDFC41BCF460C0063B0DA /* GlobalResource.h */ = {isa = PBXFileReference; fileEncoding = 4; lastKnownFileType = sourcecode.c.h; path = GlobalResource.h; sourceTree = "<group>"; };
		18CBDFC51BCF460C0063B0DA /* GlobalResource.m */ = {isa = PBXFileReference; fileEncoding = 4; lastKnownFileType = sourcecode.c.objc; path = GlobalResource.m; sourceTree = "<group>"; };
		18D0BFAA1BCDF9FF00D6BE36 /* Smile.app */ = {isa = PBXFileReference; explicitFileType = wrapper.application; includeInIndex = 0; path = Smile.app; sourceTree = BUILT_PRODUCTS_DIR; };
		18D0BFAE1BCDF9FF00D6BE36 /* main.m */ = {isa = PBXFileReference; lastKnownFileType = sourcecode.c.objc; path = main.m; sourceTree = "<group>"; };
		18D0BFB01BCDF9FF00D6BE36 /* AppDelegate.h */ = {isa = PBXFileReference; lastKnownFileType = sourcecode.c.h; path = AppDelegate.h; sourceTree = "<group>"; };
		18D0BFB11BCDF9FF00D6BE36 /* AppDelegate.m */ = {isa = PBXFileReference; lastKnownFileType = sourcecode.c.objc; path = AppDelegate.m; sourceTree = "<group>"; };
		18D0BFB71BCDF9FF00D6BE36 /* Base */ = {isa = PBXFileReference; lastKnownFileType = file.storyboard; name = Base; path = Base.lproj/Main.storyboard; sourceTree = "<group>"; };
		18D0BFB91BCDF9FF00D6BE36 /* Assets.xcassets */ = {isa = PBXFileReference; lastKnownFileType = folder.assetcatalog; path = Assets.xcassets; sourceTree = "<group>"; };
		18D0BFBC1BCDF9FF00D6BE36 /* Base */ = {isa = PBXFileReference; lastKnownFileType = file.storyboard; name = Base; path = Base.lproj/LaunchScreen.storyboard; sourceTree = "<group>"; };
		18D0BFBE1BCDF9FF00D6BE36 /* Info.plist */ = {isa = PBXFileReference; lastKnownFileType = text.plist.xml; path = Info.plist; sourceTree = "<group>"; };
		8553ECC35FA9281F02C0AA65 /* Pods.release.xcconfig */ = {isa = PBXFileReference; includeInIndex = 1; lastKnownFileType = text.xcconfig; name = Pods.release.xcconfig; path = "Pods/Target Support Files/Pods/Pods.release.xcconfig"; sourceTree = "<group>"; };
		8D0D669FD0B2518AA303CE3A /* libPods.a */ = {isa = PBXFileReference; explicitFileType = archive.ar; includeInIndex = 0; path = libPods.a; sourceTree = BUILT_PRODUCTS_DIR; };
/* End PBXFileReference section */

/* Begin PBXFrameworksBuildPhase section */
		18D0BFA71BCDF9FF00D6BE36 /* Frameworks */ = {
			isa = PBXFrameworksBuildPhase;
			buildActionMask = 2147483647;
			files = (
				B862137E5A938A5D1112C6A2 /* libPods.a in Frameworks */,
			);
			runOnlyForDeploymentPostprocessing = 0;
		};
/* End PBXFrameworksBuildPhase section */

/* Begin PBXGroup section */
		18CBDFC31BCF45ED0063B0DA /* GlobalResource */ = {
			isa = PBXGroup;
			children = (
				18CBDFC41BCF460C0063B0DA /* GlobalResource.h */,
				18CBDFC51BCF460C0063B0DA /* GlobalResource.m */,
			);
			name = GlobalResource;
			sourceTree = "<group>";
		};
		18D0BFA11BCDF9FF00D6BE36 = {
			isa = PBXGroup;
			children = (
				18D0BFAC1BCDF9FF00D6BE36 /* Smile */,
				18D0BFAB1BCDF9FF00D6BE36 /* Products */,
				E8B29248760FC562943A491D /* Pods */,
				56CAD8EE720606F400F2999E /* Frameworks */,
			);
			sourceTree = "<group>";
		};
		18D0BFAB1BCDF9FF00D6BE36 /* Products */ = {
			isa = PBXGroup;
			children = (
				18D0BFAA1BCDF9FF00D6BE36 /* Smile.app */,
			);
			name = Products;
			sourceTree = "<group>";
		};
		18D0BFAC1BCDF9FF00D6BE36 /* Smile */ = {
			isa = PBXGroup;
			children = (
				18CBDFC31BCF45ED0063B0DA /* GlobalResource */,
				18D0BFB01BCDF9FF00D6BE36 /* AppDelegate.h */,
				18D0BFB11BCDF9FF00D6BE36 /* AppDelegate.m */,
				18CBDFC01BCF44840063B0DA /* MainTableViewController.h */,
				18CBDFC11BCF44840063B0DA /* MainTableViewController.m */,
				18D0BFB61BCDF9FF00D6BE36 /* Main.storyboard */,
				18D0BFB91BCDF9FF00D6BE36 /* Assets.xcassets */,
				18D0BFBB1BCDF9FF00D6BE36 /* LaunchScreen.storyboard */,
				18D0BFBE1BCDF9FF00D6BE36 /* Info.plist */,
				18D0BFAD1BCDF9FF00D6BE36 /* Supporting Files */,
			);
			path = Smile;
			sourceTree = "<group>";
		};
		18D0BFAD1BCDF9FF00D6BE36 /* Supporting Files */ = {
			isa = PBXGroup;
			children = (
				18D0BFAE1BCDF9FF00D6BE36 /* main.m */,
			);
			name = "Supporting Files";
			sourceTree = "<group>";
		};
		56CAD8EE720606F400F2999E /* Frameworks */ = {
			isa = PBXGroup;
			children = (
				8D0D669FD0B2518AA303CE3A /* libPods.a */,
			);
			name = Frameworks;
			sourceTree = "<group>";
		};
		E8B29248760FC562943A491D /* Pods */ = {
			isa = PBXGroup;
			children = (
				1850CA6CC3D7B54B8E48DEEE /* Pods.debug.xcconfig */,
				8553ECC35FA9281F02C0AA65 /* Pods.release.xcconfig */,
			);
			name = Pods;
			sourceTree = "<group>";
		};
/* End PBXGroup section */

/* Begin PBXNativeTarget section */
		18D0BFA91BCDF9FF00D6BE36 /* Smile */ = {
			isa = PBXNativeTarget;
			buildConfigurationList = 18D0BFC11BCDF9FF00D6BE36 /* Build configuration list for PBXNativeTarget "Smile" */;
			buildPhases = (
				F297224D9B7FBD83DE0EF04A /* Check Pods Manifest.lock */,
				18D0BFA61BCDF9FF00D6BE36 /* Sources */,
				18D0BFA71BCDF9FF00D6BE36 /* Frameworks */,
				18D0BFA81BCDF9FF00D6BE36 /* Resources */,
				47724060A41EC43733AC92FB /* Copy Pods Resources */,
			);
			buildRules = (
			);
			dependencies = (
			);
			name = Smile;
			productName = Smile;
			productReference = 18D0BFAA1BCDF9FF00D6BE36 /* Smile.app */;
			productType = "com.apple.product-type.application";
		};
/* End PBXNativeTarget section */

/* Begin PBXProject section */
		18D0BFA21BCDF9FF00D6BE36 /* Project object */ = {
			isa = PBXProject;
			attributes = {
				LastUpgradeCheck = 0700;
				ORGANIZATIONNAME = cnbin;
				TargetAttributes = {
					18D0BFA91BCDF9FF00D6BE36 = {
						CreatedOnToolsVersion = 7.0;
					};
				};
			};
			buildConfigurationList = 18D0BFA51BCDF9FF00D6BE36 /* Build configuration list for PBXProject "Smile" */;
			compatibilityVersion = "Xcode 3.2";
			developmentRegion = English;
			hasScannedForEncodings = 0;
			knownRegions = (
				en,
				Base,
			);
			mainGroup = 18D0BFA11BCDF9FF00D6BE36;
			productRefGroup = 18D0BFAB1BCDF9FF00D6BE36 /* Products */;
			projectDirPath = "";
			projectRoot = "";
			targets = (
				18D0BFA91BCDF9FF00D6BE36 /* Smile */,
			);
		};
/* End PBXProject section */

/* Begin PBXResourcesBuildPhase section */
		18D0BFA81BCDF9FF00D6BE36 /* Resources */ = {
			isa = PBXResourcesBuildPhase;
			buildActionMask = 2147483647;
			files = (
				18D0BFBD1BCDF9FF00D6BE36 /* LaunchScreen.storyboard in Resources */,
				18D0BFBA1BCDF9FF00D6BE36 /* Assets.xcassets in Resources */,
				18D0BFB81BCDF9FF00D6BE36 /* Main.storyboard in Resources */,
			);
			runOnlyForDeploymentPostprocessing = 0;
		};
/* End PBXResourcesBuildPhase section */

/* Begin PBXShellScriptBuildPhase section */
		47724060A41EC43733AC92FB /* Copy Pods Resources */ = {
			isa = PBXShellScriptBuildPhase;
			buildActionMask = 2147483647;
			files = (
			);
			inputPaths = (
			);
			name = "Copy Pods Resources";
			outputPaths = (
			);
			runOnlyForDeploymentPostprocessing = 0;
			shellPath = /bin/sh;
			shellScript = "\"${SRCROOT}/Pods/Target Support Files/Pods/Pods-resources.sh\"\n";
			showEnvVarsInLog = 0;
		};
		F297224D9B7FBD83DE0EF04A /* Check Pods Manifest.lock */ = {
			isa = PBXShellScriptBuildPhase;
			buildActionMask = 2147483647;
			files = (
			);
			inputPaths = (
			);
			name = "Check Pods Manifest.lock";
			outputPaths = (
			);
			runOnlyForDeploymentPostprocessing = 0;
			shellPath = /bin/sh;
			shellScript = "diff \"${PODS_ROOT}/../Podfile.lock\" \"${PODS_ROOT}/Manifest.lock\" > /dev/null\nif [[ $? != 0 ]] ; then\n    cat << EOM\nerror: The sandbox is not in sync with the Podfile.lock. Run 'pod install' or update your CocoaPods installation.\nEOM\n    exit 1\nfi\n";
			showEnvVarsInLog = 0;
		};
/* End PBXShellScriptBuildPhase section */

/* Begin PBXSourcesBuildPhase section */
		18D0BFA61BCDF9FF00D6BE36 /* Sources */ = {
			isa = PBXSourcesBuildPhase;
			buildActionMask = 2147483647;
			files = (
				18CBDFC21BCF44840063B0DA /* MainTableViewController.m in Sources */,
				18D0BFB21BCDF9FF00D6BE36 /* AppDelegate.m in Sources */,
				18CBDFC61BCF460C0063B0DA /* GlobalResource.m in Sources */,
				18D0BFAF1BCDF9FF00D6BE36 /* main.m in Sources */,
			);
			runOnlyForDeploymentPostprocessing = 0;
		};
/* End PBXSourcesBuildPhase section */

/* Begin PBXVariantGroup section */
		18D0BFB61BCDF9FF00D6BE36 /* Main.storyboard */ = {
			isa = PBXVariantGroup;
			children = (
				18D0BFB71BCDF9FF00D6BE36 /* Base */,
			);
			name = Main.storyboard;
			sourceTree = "<group>";
		};
		18D0BFBB1BCDF9FF00D6BE36 /* LaunchScreen.storyboard */ = {
			isa = PBXVariantGroup;
			children = (
				18D0BFBC1BCDF9FF00D6BE36 /* Base */,
			);
			name = LaunchScreen.storyboard;
			sourceTree = "<group>";
		};
/* End PBXVariantGroup section */

/* Begin XCBuildConfiguration section */
		18D0BFBF1BCDF9FF00D6BE36 /* Debug */ = {
			isa = XCBuildConfiguration;
			buildSettings = {
				ALWAYS_SEARCH_USER_PATHS = NO;
				CLANG_CXX_LANGUAGE_STANDARD = "gnu++0x";
				CLANG_CXX_LIBRARY = "libc++";
				CLANG_ENABLE_MODULES = YES;
				CLANG_ENABLE_OBJC_ARC = YES;
				CLANG_WARN_BOOL_CONVERSION = YES;
				CLANG_WARN_CONSTANT_CONVERSION = YES;
				CLANG_WARN_DIRECT_OBJC_ISA_USAGE = YES_ERROR;
				CLANG_WARN_EMPTY_BODY = YES;
				CLANG_WARN_ENUM_CONVERSION = YES;
				CLANG_WARN_INT_CONVERSION = YES;
				CLANG_WARN_OBJC_ROOT_CLASS = YES_ERROR;
				CLANG_WARN_UNREACHABLE_CODE = YES;
				CLANG_WARN__DUPLICATE_METHOD_MATCH = YES;
				"CODE_SIGN_IDENTITY[sdk=iphoneos*]" = "iPhone Developer";
				COPY_PHASE_STRIP = NO;
				DEBUG_INFORMATION_FORMAT = dwarf;
				ENABLE_STRICT_OBJC_MSGSEND = YES;
				ENABLE_TESTABILITY = YES;
				GCC_C_LANGUAGE_STANDARD = gnu99;
				GCC_DYNAMIC_NO_PIC = NO;
				GCC_NO_COMMON_BLOCKS = YES;
				GCC_OPTIMIZATION_LEVEL = 0;
				GCC_PREPROCESSOR_DEFINITIONS = (
					"DEBUG=1",
					"$(inherited)",
				);
				GCC_WARN_64_TO_32_BIT_CONVERSION = YES;
				GCC_WARN_ABOUT_RETURN_TYPE = YES_ERROR;
				GCC_WARN_UNDECLARED_SELECTOR = YES;
				GCC_WARN_UNINITIALIZED_AUTOS = YES_AGGRESSIVE;
				GCC_WARN_UNUSED_FUNCTION = YES;
				GCC_WARN_UNUSED_VARIABLE = YES;
				IPHONEOS_DEPLOYMENT_TARGET = 9.0;
				MTL_ENABLE_DEBUG_INFO = YES;
				ONLY_ACTIVE_ARCH = YES;
				SDKROOT = iphoneos;
			};
			name = Debug;
		};
		18D0BFC01BCDF9FF00D6BE36 /* Release */ = {
			isa = XCBuildConfiguration;
			buildSettings = {
				ALWAYS_SEARCH_USER_PATHS = NO;
				CLANG_CXX_LANGUAGE_STANDARD = "gnu++0x";
				CLANG_CXX_LIBRARY = "libc++";
				CLANG_ENABLE_MODULES = YES;
				CLANG_ENABLE_OBJC_ARC = YES;
				CLANG_WARN_BOOL_CONVERSION = YES;
				CLANG_WARN_CONSTANT_CONVERSION = YES;
				CLANG_WARN_DIRECT_OBJC_ISA_USAGE = YES_ERROR;
				CLANG_WARN_EMPTY_BODY = YES;
				CLANG_WARN_ENUM_CONVERSION = YES;
				CLANG_WARN_INT_CONVERSION = YES;
				CLANG_WARN_OBJC_ROOT_CLASS = YES_ERROR;
				CLANG_WARN_UNREACHABLE_CODE = YES;
				CLANG_WARN__DUPLICATE_METHOD_MATCH = YES;
				"CODE_SIGN_IDENTITY[sdk=iphoneos*]" = "iPhone Developer";
				COPY_PHASE_STRIP = NO;
				DEBUG_INFORMATION_FORMAT = "dwarf-with-dsym";
				ENABLE_NS_ASSERTIONS = NO;
				ENABLE_STRICT_OBJC_MSGSEND = YES;
				GCC_C_LANGUAGE_STANDARD = gnu99;
				GCC_NO_COMMON_BLOCKS = YES;
				GCC_WARN_64_TO_32_BIT_CONVERSION = YES;
				GCC_WARN_ABOUT_RETURN_TYPE = YES_ERROR;
				GCC_WARN_UNDECLARED_SELECTOR = YES;
				GCC_WARN_UNINITIALIZED_AUTOS = YES_AGGRESSIVE;
				GCC_WARN_UNUSED_FUNCTION = YES;
				GCC_WARN_UNUSED_VARIABLE = YES;
				IPHONEOS_DEPLOYMENT_TARGET = 9.0;
				MTL_ENABLE_DEBUG_INFO = NO;
				SDKROOT = iphoneos;
				VALIDATE_PRODUCT = YES;
			};
			name = Release;
		};
		18D0BFC21BCDF9FF00D6BE36 /* Debug */ = {
			isa = XCBuildConfiguration;
			baseConfigurationReference = 1850CA6CC3D7B54B8E48DEEE /* Pods.debug.xcconfig */;
			buildSettings = {
				ASSETCATALOG_COMPILER_APPICON_NAME = AppIcon;
				INFOPLIST_FILE = Smile/Info.plist;
				IPHONEOS_DEPLOYMENT_TARGET = 8.4;
				LD_RUNPATH_SEARCH_PATHS = "$(inherited) @executable_path/Frameworks";
				PRODUCT_BUNDLE_IDENTIFIER = cc.huaxun.smile.Smile;
				PRODUCT_NAME = "$(TARGET_NAME)";
			};
			name = Debug;
		};
		18D0BFC31BCDF9FF00D6BE36 /* Release */ = {
			isa = XCBuildConfiguration;
			baseConfigurationReference = 8553ECC35FA9281F02C0AA65 /* Pods.release.xcconfig */;
			buildSettings = {
				ASSETCATALOG_COMPILER_APPICON_NAME = AppIcon;
				INFOPLIST_FILE = Smile/Info.plist;
				IPHONEOS_DEPLOYMENT_TARGET = 8.4;
				LD_RUNPATH_SEARCH_PATHS = "$(inherited) @executable_path/Frameworks";
				PRODUCT_BUNDLE_IDENTIFIER = cc.huaxun.smile.Smile;
				PRODUCT_NAME = "$(TARGET_NAME)";
			};
			name = Release;
		};
/* End XCBuildConfiguration section */

/* Begin XCConfigurationList section */
		18D0BFA51BCDF9FF00D6BE36 /* Build configuration list for PBXProject "Smile" */ = {
			isa = XCConfigurationList;
			buildConfigurations = (
				18D0BFBF1BCDF9FF00D6BE36 /* Debug */,
				18D0BFC01BCDF9FF00D6BE36 /* Release */,
			);
			defaultConfigurationIsVisible = 0;
			defaultConfigurationName = Release;
		};
		18D0BFC11BCDF9FF00D6BE36 /* Build configuration list for PBXNativeTarget "Smile" */ = {
			isa = XCConfigurationList;
			buildConfigurations = (
				18D0BFC21BCDF9FF00D6BE36 /* Debug */,
				18D0BFC31BCDF9FF00D6BE36 /* Release */,
			);
			defaultConfigurationIsVisible = 0;
			defaultConfigurationName = Release;
		};
/* End XCConfigurationList section */
	};
	rootObject = 18D0BFA21BCDF9FF00D6BE36 /* Project object */;
}
